
Microsoft Visual Studio Solution File, Format Version 12.00
# Visual Studio Version 16
VisualStudioVersion = 16.0.31205.134
MinimumVisualStudioVersion = 10.0.40219.1
Project("{FAE04EC0-301F-11D3-BF4B-00C04F79EFBC}") = "WENCO", "WENCO\WENCO.csproj", "{370B3BBB-FC5B-42BE-8D62-44E2AEAFE9DD}"
EndProject
Global
	GlobalSection(SolutionConfigurationPlatforms) = preSolution
		Debug|Any CPU = Debug|Any CPU
		Release|Any CPU = Release|Any CPU
	EndGlobalSection
	GlobalSection(ProjectConfigurationPlatforms) = postSolution
		{370B3BBB-FC5B-42BE-8D62-44E2AEAFE9DD}.Debug|Any CPU.ActiveCfg = Debug|Any CPU
		{370B3BBB-FC5B-42BE-8D62-44E2AEAFE9DD}.Debug|Any CPU.Build.0 = Debug|Any CPU
		{370B3BBB-FC5B-42BE-8D62-44E2AEAFE9DD}.Release|Any CPU.ActiveCfg = Release|Any CPU
		{370B3BBB-FC5B-42BE-8D62-44E2AEAFE9DD}.Release|Any CPU.Build.0 = Release|Any CPU
	EndGlobalSection
	GlobalSection(SolutionProperties) = preSolution
		HideSolutionNode = FALSE
	EndGlobalSection
	GlobalSection(ExtensibilityGlobals) = postSolution
		SolutionGuid = {33048BB6-B3D5-4358-AA28-30299E7FC784}
	EndGlobalSection
EndGlobal
